
Microsoft Visual Studio Solution File, Format Version 12.00
# Visual Studio 15
VisualStudioVersion = 15.0.27428.2043
MinimumVisualStudioVersion = 10.0.40219.1
Project("{FAE04EC0-301F-11D3-BF4B-00C04F79EFBC}") = "GrandCircusCoffeeShop", "GrandCircusCoffeeShop\GrandCircusCoffeeShop.csproj", "{DFDD9410-F3FC-4F10-9144-0FE98DC15B19}"
EndProject
Global
	GlobalSection(SolutionConfigurationPlatforms) = preSolution
		Debug|Any CPU = Debug|Any CPU
		Release|Any CPU = Release|Any CPU
	EndGlobalSection
	GlobalSection(ProjectConfigurationPlatforms) = postSolution
		{DFDD9410-F3FC-4F10-9144-0FE98DC15B19}.Debug|Any CPU.ActiveCfg = Debug|Any CPU
		{DFDD9410-F3FC-4F10-9144-0FE98DC15B19}.Debug|Any CPU.Build.0 = Debug|Any CPU
		{DFDD9410-F3FC-4F10-9144-0FE98DC15B19}.Release|Any CPU.ActiveCfg = Release|Any CPU
		{DFDD9410-F3FC-4F10-9144-0FE98DC15B19}.Release|Any CPU.Build.0 = Release|Any CPU
	EndGlobalSection
	GlobalSection(SolutionProperties) = preSolution
		HideSolutionNode = FALSE
	EndGlobalSection
	GlobalSection(ExtensibilityGlobals) = postSolution
		SolutionGuid = {198C25DE-84D1-4510-99D6-B0B9708901E5}
	EndGlobalSection
EndGlobal
